// !$*UTF8*$!
{
	archiveVersion = 1;
	classes = {
	};
	objectVersion = 54;
	objects = {

/* Begin PBXBuildFile section */
		058557BB273AAA24004C7B11 /* Assets.xcassets in Resources */ = {isa = PBXBuildFile; fileRef = 058557BA273AAA24004C7B11 /* Assets.xcassets */; };
		CE06D7E92BCB77CB000DA712 /* CocktailsView.swift in Sources */ = {isa = PBXBuildFile; fileRef = CE06D7E82BCB77CB000DA712 /* CocktailsView.swift */; };
		CE06D7EC2BCB7822000DA712 /* StateValue.swift in Sources */ = {isa = PBXBuildFile; fileRef = CE06D7EB2BCB7822000DA712 /* StateValue.swift */; };
		CE06D7EE2BCB785D000DA712 /* ObservableValue.swift in Sources */ = {isa = PBXBuildFile; fileRef = CE06D7ED2BCB785D000DA712 /* ObservableValue.swift */; };
		CE06D7F02BCB7DAB000DA712 /* CocktailsListView.swift in Sources */ = {isa = PBXBuildFile; fileRef = CE06D7EF2BCB7DAB000DA712 /* CocktailsListView.swift */; };
		CE06D7F22BCB829E000DA712 /* CocktailDetailsView.swift in Sources */ = {isa = PBXBuildFile; fileRef = CE06D7F12BCB829E000DA712 /* CocktailDetailsView.swift */; };
		CE06D7F52BCB84B1000DA712 /* Typography.swift in Sources */ = {isa = PBXBuildFile; fileRef = CE06D7F42BCB84B1000DA712 /* Typography.swift */; };
		CE06D7F72BCB8865000DA712 /* LoadingView.swift in Sources */ = {isa = PBXBuildFile; fileRef = CE06D7F62BCB8865000DA712 /* LoadingView.swift */; };
		CE06D7F92BCB9B4F000DA712 /* VerticalGrid.swift in Sources */ = {isa = PBXBuildFile; fileRef = CE06D7F82BCB9B4F000DA712 /* VerticalGrid.swift */; };
		CE06D7FE2BCBA2BF000DA712 /* CocktailItemView.swift in Sources */ = {isa = PBXBuildFile; fileRef = CE06D7FD2BCBA2BF000DA712 /* CocktailItemView.swift */; };
		CE06D8002BCBA492000DA712 /* KingfisherView.swift in Sources */ = {isa = PBXBuildFile; fileRef = CE06D7FF2BCBA492000DA712 /* KingfisherView.swift */; };
		CE06D8022BCBB16B000DA712 /* DeviceShake.swift in Sources */ = {isa = PBXBuildFile; fileRef = CE06D8012BCBB16B000DA712 /* DeviceShake.swift */; };
		CE06D80D2BCBBC43000DA712 /* StackView.swift in Sources */ = {isa = PBXBuildFile; fileRef = CE06D80C2BCBBC43000DA712 /* StackView.swift */; };
		CE06D80F2BCBE53C000DA712 /* Clip.swift in Sources */ = {isa = PBXBuildFile; fileRef = CE06D80E2BCBE53C000DA712 /* Clip.swift */; };
		CE06D8142BCC404F000DA712 /* Keyboard.swift in Sources */ = {isa = PBXBuildFile; fileRef = CE06D8132BCC404F000DA712 /* Keyboard.swift */; };
		CE06D8162BCC464C000DA712 /* BackButton.swift in Sources */ = {isa = PBXBuildFile; fileRef = CE06D8152BCC464C000DA712 /* BackButton.swift */; };
		CE06D8232BCD1D0D000DA712 /* ChipView.swift in Sources */ = {isa = PBXBuildFile; fileRef = CE06D8222BCD1D0D000DA712 /* ChipView.swift */; };
		CE06D8272BCDA2B8000DA712 /* SafeArea.swift in Sources */ = {isa = PBXBuildFile; fileRef = CE06D8262BCDA2B8000DA712 /* SafeArea.swift */; };
		CE06D8292BCDAA9B000DA712 /* ErrorView.swift in Sources */ = {isa = PBXBuildFile; fileRef = CE06D8282BCDAA9B000DA712 /* ErrorView.swift */; };
		CE06D8332BCEE348000DA712 /* SegmentedControl.swift in Sources */ = {isa = PBXBuildFile; fileRef = CE06D8322BCEE348000DA712 /* SegmentedControl.swift */; };
		CE06D8352BCEED97000DA712 /* SearchBar.swift in Sources */ = {isa = PBXBuildFile; fileRef = CE06D8342BCEED97000DA712 /* SearchBar.swift */; };
		CE1D2F2629AC8BD200DC6B90 /* AppDelegate.swift in Sources */ = {isa = PBXBuildFile; fileRef = CE1D2F2529AC8BD200DC6B90 /* AppDelegate.swift */; };
		CE2CB76129C176A700592488 /* Lottie in Frameworks */ = {isa = PBXBuildFile; productRef = CE2CB76029C176A700592488 /* Lottie */; };
		CE3C1B2A2BD0025A00807301 /* Placeholder.swift in Sources */ = {isa = PBXBuildFile; fileRef = CE3C1B292BD0025A00807301 /* Placeholder.swift */; };
		CE3C1B412BD05AA800807301 /* PullRefresh.swift in Sources */ = {isa = PBXBuildFile; fileRef = CE3C1B402BD05AA800807301 /* PullRefresh.swift */; };
		CE3C1B442BD0ED3800807301 /* UINavigationController.swift in Sources */ = {isa = PBXBuildFile; fileRef = CE3C1B432BD0ED3800807301 /* UINavigationController.swift */; };
		CE3C1B4F2BD10CBA00807301 /* UIDevice.swift in Sources */ = {isa = PBXBuildFile; fileRef = CE3C1B4E2BD10CBA00807301 /* UIDevice.swift */; };
		CE3C1B512BD10E1500807301 /* Colors.swift in Sources */ = {isa = PBXBuildFile; fileRef = CE3C1B502BD10E1500807301 /* Colors.swift */; };
		CE3C1B552BD1104400807301 /* SystemTheme.swift in Sources */ = {isa = PBXBuildFile; fileRef = CE3C1B542BD1104400807301 /* SystemTheme.swift */; };
		CE981B4329BB752000261645 /* ColorPalette.swift in Sources */ = {isa = PBXBuildFile; fileRef = CE981B4229BB752000261645 /* ColorPalette.swift */; };
		CE981B4D29BB76AB00261645 /* ThemeProvider.swift in Sources */ = {isa = PBXBuildFile; fileRef = CE981B4C29BB76AB00261645 /* ThemeProvider.swift */; };
		CE981B5729BB7CC300261645 /* Kingfisher in Frameworks */ = {isa = PBXBuildFile; productRef = CE981B5629BB7CC300261645 /* Kingfisher */; };
		CED55A0E29C4299A00822AE8 /* AppTheme.swift in Sources */ = {isa = PBXBuildFile; fileRef = CED55A0D29C4299A00822AE8 /* AppTheme.swift */; };
		CED55A1B29C4654700822AE8 /* TextStyle.swift in Sources */ = {isa = PBXBuildFile; fileRef = CED55A1A29C4654700822AE8 /* TextStyle.swift */; };
/* End PBXBuildFile section */

/* Begin PBXFileReference section */
		058557BA273AAA24004C7B11 /* Assets.xcassets */ = {isa = PBXFileReference; lastKnownFileType = folder.assetcatalog; path = Assets.xcassets; sourceTree = "<group>"; };
		7555FF7B242A565900829871 /* Vlife Task.app */ = {isa = PBXFileReference; explicitFileType = wrapper.application; includeInIndex = 0; path = "Vlife Task.app"; sourceTree = BUILT_PRODUCTS_DIR; };
		7555FF8C242A565B00829871 /* Info.plist */ = {isa = PBXFileReference; lastKnownFileType = text.plist.xml; path = Info.plist; sourceTree = "<group>"; };
		CE06D7E82BCB77CB000DA712 /* CocktailsView.swift */ = {isa = PBXFileReference; lastKnownFileType = sourcecode.swift; path = CocktailsView.swift; sourceTree = "<group>"; };
		CE06D7EB2BCB7822000DA712 /* StateValue.swift */ = {isa = PBXFileReference; lastKnownFileType = sourcecode.swift; path = StateValue.swift; sourceTree = "<group>"; };
		CE06D7ED2BCB785D000DA712 /* ObservableValue.swift */ = {isa = PBXFileReference; lastKnownFileType = sourcecode.swift; path = ObservableValue.swift; sourceTree = "<group>"; };
		CE06D7EF2BCB7DAB000DA712 /* CocktailsListView.swift */ = {isa = PBXFileReference; lastKnownFileType = sourcecode.swift; path = CocktailsListView.swift; sourceTree = "<group>"; };
		CE06D7F12BCB829E000DA712 /* CocktailDetailsView.swift */ = {isa = PBXFileReference; lastKnownFileType = sourcecode.swift; path = CocktailDetailsView.swift; sourceTree = "<group>"; };
		CE06D7F42BCB84B1000DA712 /* Typography.swift */ = {isa = PBXFileReference; lastKnownFileType = sourcecode.swift; path = Typography.swift; sourceTree = "<group>"; };
		CE06D7F62BCB8865000DA712 /* LoadingView.swift */ = {isa = PBXFileReference; lastKnownFileType = sourcecode.swift; path = LoadingView.swift; sourceTree = "<group>"; };
		CE06D7F82BCB9B4F000DA712 /* VerticalGrid.swift */ = {isa = PBXFileReference; lastKnownFileType = sourcecode.swift; path = VerticalGrid.swift; sourceTree = "<group>"; };
		CE06D7FD2BCBA2BF000DA712 /* CocktailItemView.swift */ = {isa = PBXFileReference; lastKnownFileType = sourcecode.swift; path = CocktailItemView.swift; sourceTree = "<group>"; };
		CE06D7FF2BCBA492000DA712 /* KingfisherView.swift */ = {isa = PBXFileReference; lastKnownFileType = sourcecode.swift; path = KingfisherView.swift; sourceTree = "<group>"; };
		CE06D8012BCBB16B000DA712 /* DeviceShake.swift */ = {isa = PBXFileReference; lastKnownFileType = sourcecode.swift; path = DeviceShake.swift; sourceTree = "<group>"; };
		CE06D80C2BCBBC43000DA712 /* StackView.swift */ = {isa = PBXFileReference; lastKnownFileType = sourcecode.swift; path = StackView.swift; sourceTree = "<group>"; };
		CE06D80E2BCBE53C000DA712 /* Clip.swift */ = {isa = PBXFileReference; lastKnownFileType = sourcecode.swift; path = Clip.swift; sourceTree = "<group>"; };
		CE06D8132BCC404F000DA712 /* Keyboard.swift */ = {isa = PBXFileReference; lastKnownFileType = sourcecode.swift; path = Keyboard.swift; sourceTree = "<group>"; };
		CE06D8152BCC464C000DA712 /* BackButton.swift */ = {isa = PBXFileReference; lastKnownFileType = sourcecode.swift; path = BackButton.swift; sourceTree = "<group>"; };
		CE06D8222BCD1D0D000DA712 /* ChipView.swift */ = {isa = PBXFileReference; lastKnownFileType = sourcecode.swift; path = ChipView.swift; sourceTree = "<group>"; };
		CE06D8262BCDA2B8000DA712 /* SafeArea.swift */ = {isa = PBXFileReference; lastKnownFileType = sourcecode.swift; path = SafeArea.swift; sourceTree = "<group>"; };
		CE06D8282BCDAA9B000DA712 /* ErrorView.swift */ = {isa = PBXFileReference; lastKnownFileType = sourcecode.swift; path = ErrorView.swift; sourceTree = "<group>"; };
		CE06D8322BCEE348000DA712 /* SegmentedControl.swift */ = {isa = PBXFileReference; lastKnownFileType = sourcecode.swift; path = SegmentedControl.swift; sourceTree = "<group>"; };
		CE06D8342BCEED97000DA712 /* SearchBar.swift */ = {isa = PBXFileReference; lastKnownFileType = sourcecode.swift; path = SearchBar.swift; sourceTree = "<group>"; };
		CE1D2F2529AC8BD200DC6B90 /* AppDelegate.swift */ = {isa = PBXFileReference; lastKnownFileType = sourcecode.swift; path = AppDelegate.swift; sourceTree = "<group>"; };
		CE3C1B292BD0025A00807301 /* Placeholder.swift */ = {isa = PBXFileReference; lastKnownFileType = sourcecode.swift; path = Placeholder.swift; sourceTree = "<group>"; };
		CE3C1B402BD05AA800807301 /* PullRefresh.swift */ = {isa = PBXFileReference; lastKnownFileType = sourcecode.swift; path = PullRefresh.swift; sourceTree = "<group>"; };
		CE3C1B432BD0ED3800807301 /* UINavigationController.swift */ = {isa = PBXFileReference; lastKnownFileType = sourcecode.swift; path = UINavigationController.swift; sourceTree = "<group>"; };
		CE3C1B4E2BD10CBA00807301 /* UIDevice.swift */ = {isa = PBXFileReference; lastKnownFileType = sourcecode.swift; path = UIDevice.swift; sourceTree = "<group>"; };
		CE3C1B502BD10E1500807301 /* Colors.swift */ = {isa = PBXFileReference; lastKnownFileType = sourcecode.swift; path = Colors.swift; sourceTree = "<group>"; };
		CE3C1B542BD1104400807301 /* SystemTheme.swift */ = {isa = PBXFileReference; lastKnownFileType = sourcecode.swift; path = SystemTheme.swift; sourceTree = "<group>"; };
		CE981B4229BB752000261645 /* ColorPalette.swift */ = {isa = PBXFileReference; lastKnownFileType = sourcecode.swift; path = ColorPalette.swift; sourceTree = "<group>"; };
		CE981B4C29BB76AB00261645 /* ThemeProvider.swift */ = {isa = PBXFileReference; lastKnownFileType = sourcecode.swift; path = ThemeProvider.swift; sourceTree = "<group>"; };
		CED55A0D29C4299A00822AE8 /* AppTheme.swift */ = {isa = PBXFileReference; lastKnownFileType = sourcecode.swift; path = AppTheme.swift; sourceTree = "<group>"; };
		CED55A1A29C4654700822AE8 /* TextStyle.swift */ = {isa = PBXFileReference; lastKnownFileType = sourcecode.swift; path = TextStyle.swift; sourceTree = "<group>"; };
/* End PBXFileReference section */

/* Begin PBXFrameworksBuildPhase section */
		7555FF78242A565900829871 /* Frameworks */ = {
			isa = PBXFrameworksBuildPhase;
			buildActionMask = 2147483647;
			files = (
				CE981B5729BB7CC300261645 /* Kingfisher in Frameworks */,
				CE2CB76129C176A700592488 /* Lottie in Frameworks */,
			);
			runOnlyForDeploymentPostprocessing = 0;
		};
/* End PBXFrameworksBuildPhase section */

/* Begin PBXGroup section */
		7555FF72242A565900829871 = {
			isa = PBXGroup;
			children = (
				7555FF7D242A565900829871 /* app_ios */,
				7555FF7C242A565900829871 /* Products */,
			);
			sourceTree = "<group>";
		};
		7555FF7C242A565900829871 /* Products */ = {
			isa = PBXGroup;
			children = (
				7555FF7B242A565900829871 /* Vlife Task.app */,
			);
			name = Products;
			sourceTree = "<group>";
		};
		7555FF7D242A565900829871 /* app_ios */ = {
			isa = PBXGroup;
			children = (
				CE1D2F2529AC8BD200DC6B90 /* AppDelegate.swift */,
				CED55A2829C5F56900822AE8 /* ui */,
				CE2CB76729C185EF00592488 /* utils */,
				058557BA273AAA24004C7B11 /* Assets.xcassets */,
				7555FF8C242A565B00829871 /* Info.plist */,
			);
			path = app_ios;
			sourceTree = "<group>";
		};
		CE06D7F32BCB84A6000DA712 /* typography */ = {
			isa = PBXGroup;
			children = (
				CED55A1A29C4654700822AE8 /* TextStyle.swift */,
				CE06D7F42BCB84B1000DA712 /* Typography.swift */,
			);
			path = typography;
			sourceTree = "<group>";
		};
		CE06D8072BCBB9A5000DA712 /* mapper */ = {
			isa = PBXGroup;
			children = (
				CE06D7EB2BCB7822000DA712 /* StateValue.swift */,
				CE06D7ED2BCB785D000DA712 /* ObservableValue.swift */,
			);
			path = mapper;
			sourceTree = "<group>";
		};
		CE06D8082BCBB9B1000DA712 /* modifier */ = {
			isa = PBXGroup;
			children = (
				CE06D8012BCBB16B000DA712 /* DeviceShake.swift */,
				CE06D80E2BCBE53C000DA712 /* Clip.swift */,
				CE06D8132BCC404F000DA712 /* Keyboard.swift */,
				CE06D8262BCDA2B8000DA712 /* SafeArea.swift */,
				CE3C1B292BD0025A00807301 /* Placeholder.swift */,
			);
			path = modifier;
			sourceTree = "<group>";
		};
		CE06D80B2BCBBC31000DA712 /* view */ = {
			isa = PBXGroup;
			children = (
				CE06D8152BCC464C000DA712 /* BackButton.swift */,
				CE06D7F82BCB9B4F000DA712 /* VerticalGrid.swift */,
				CE06D7FF2BCBA492000DA712 /* KingfisherView.swift */,
				CE06D80C2BCBBC43000DA712 /* StackView.swift */,
			);
			path = view;
			sourceTree = "<group>";
		};
		CE1D2F2B29AC8D7E00DC6B90 /* list */ = {
			isa = PBXGroup;
			children = (
				CE06D7EF2BCB7DAB000DA712 /* CocktailsListView.swift */,
				CE06D7FD2BCBA2BF000DA712 /* CocktailItemView.swift */,
			);
			path = list;
			sourceTree = "<group>";
		};
		CE1D2F2C29AC8D8E00DC6B90 /* details */ = {
			isa = PBXGroup;
			children = (
				CE06D7F12BCB829E000DA712 /* CocktailDetailsView.swift */,
			);
			path = details;
			sourceTree = "<group>";
		};
		CE1D2F2D29AC8D9E00DC6B90 /* root */ = {
			isa = PBXGroup;
			children = (
				CE06D7E82BCB77CB000DA712 /* CocktailsView.swift */,
			);
			path = root;
			sourceTree = "<group>";
		};
		CE2CB76529C185D700592488 /* loading */ = {
			isa = PBXGroup;
			children = (
				CE06D7F62BCB8865000DA712 /* LoadingView.swift */,
			);
			path = loading;
			sourceTree = "<group>";
		};
		CE2CB76629C185E200592488 /* error */ = {
			isa = PBXGroup;
			children = (
				CE06D8282BCDAA9B000DA712 /* ErrorView.swift */,
			);
			path = error;
			sourceTree = "<group>";
		};
		CE2CB76729C185EF00592488 /* utils */ = {
			isa = PBXGroup;
			children = (
				CE3C1B422BD0ED2C00807301 /* extensions */,
				CE06D80B2BCBBC31000DA712 /* view */,
				CE06D8082BCBB9B1000DA712 /* modifier */,
				CE06D8072BCBB9A5000DA712 /* mapper */,
			);
			path = utils;
			sourceTree = "<group>";
		};
		CE3C1B422BD0ED2C00807301 /* extensions */ = {
			isa = PBXGroup;
			children = (
				CE3C1B432BD0ED3800807301 /* UINavigationController.swift */,
				CE3C1B4E2BD10CBA00807301 /* UIDevice.swift */,
				CE3C1B502BD10E1500807301 /* Colors.swift */,
				CE3C1B542BD1104400807301 /* SystemTheme.swift */,
			);
			path = extensions;
			sourceTree = "<group>";
		};
		CE981B4129BB751600261645 /* theming */ = {
			isa = PBXGroup;
			children = (
				CED55A0D29C4299A00822AE8 /* AppTheme.swift */,
				CE981B4C29BB76AB00261645 /* ThemeProvider.swift */,
				CE06D7F32BCB84A6000DA712 /* typography */,
				CED55A0429C361B600822AE8 /* colors */,
			);
			path = theming;
			sourceTree = "<group>";
		};
		CE981B4E29BB76F500261645 /* common */ = {
			isa = PBXGroup;
			children = (
				CE06D8222BCD1D0D000DA712 /* ChipView.swift */,
				CE06D8322BCEE348000DA712 /* SegmentedControl.swift */,
				CE06D8342BCEED97000DA712 /* SearchBar.swift */,
				CE3C1B402BD05AA800807301 /* PullRefresh.swift */,
			);
			path = common;
			sourceTree = "<group>";
		};
		CED55A0429C361B600822AE8 /* colors */ = {
			isa = PBXGroup;
			children = (
				CE981B4229BB752000261645 /* ColorPalette.swift */,
			);
			path = colors;
			sourceTree = "<group>";
		};
		CED55A2829C5F56900822AE8 /* ui */ = {
			isa = PBXGroup;
			children = (
				CE2CB76629C185E200592488 /* error */,
				CE2CB76529C185D700592488 /* loading */,
				CE981B4E29BB76F500261645 /* common */,
				CE981B4129BB751600261645 /* theming */,
				CE1D2F2D29AC8D9E00DC6B90 /* root */,
				CE1D2F2C29AC8D8E00DC6B90 /* details */,
				CE1D2F2B29AC8D7E00DC6B90 /* list */,
			);
			path = ui;
			sourceTree = "<group>";
		};
/* End PBXGroup section */

/* Begin PBXNativeTarget section */
		7555FF7A242A565900829871 /* Vlife Task */ = {
			isa = PBXNativeTarget;
			buildConfigurationList = 7555FFA5242A565B00829871 /* Build configuration list for PBXNativeTarget "Vlife Task" */;
			buildPhases = (
				7555FFB5242A651A00829871 /* ShellScript */,
				7555FF77242A565900829871 /* Sources */,
				7555FF78242A565900829871 /* Frameworks */,
				7555FF79242A565900829871 /* Resources */,
			);
			buildRules = (
			);
			dependencies = (
			);
			name = "Vlife Task";
			packageProductDependencies = (
				CE981B5629BB7CC300261645 /* Kingfisher */,
				CE2CB76029C176A700592488 /* Lottie */,
			);
			productName = app_ios;
			productReference = 7555FF7B242A565900829871 /* Vlife Task.app */;
			productType = "com.apple.product-type.application";
		};
/* End PBXNativeTarget section */

/* Begin PBXProject section */
		7555FF73242A565900829871 /* Project object */ = {
			isa = PBXProject;
			attributes = {
				LastSwiftUpdateCheck = 1130;
				LastUpgradeCheck = 1130;
				ORGANIZATIONNAME = orgName;
				TargetAttributes = {
					7555FF7A242A565900829871 = {
						CreatedOnToolsVersion = 11.3.1;
						LastSwiftMigration = 1420;
					};
				};
			};
			buildConfigurationList = 7555FF76242A565900829871 /* Build configuration list for PBXProject "app_ios" */;
			compatibilityVersion = "Xcode 9.3";
			developmentRegion = en;
			hasScannedForEncodings = 0;
			knownRegions = (
				en,
				Base,
			);
			mainGroup = 7555FF72242A565900829871;
			packageReferences = (
				CE981B5529BB7CC300261645 /* XCRemoteSwiftPackageReference "Kingfisher" */,
				CE2CB75F29C176A700592488 /* XCRemoteSwiftPackageReference "lottie-spm" */,
			);
			productRefGroup = 7555FF7C242A565900829871 /* Products */;
			projectDirPath = "";
			projectRoot = "";
			targets = (
				7555FF7A242A565900829871 /* Vlife Task */,
			);
		};
/* End PBXProject section */

/* Begin PBXResourcesBuildPhase section */
		7555FF79242A565900829871 /* Resources */ = {
			isa = PBXResourcesBuildPhase;
			buildActionMask = 2147483647;
			files = (
				058557BB273AAA24004C7B11 /* Assets.xcassets in Resources */,
			);
			runOnlyForDeploymentPostprocessing = 0;
		};
/* End PBXResourcesBuildPhase section */

/* Begin PBXShellScriptBuildPhase section */
		7555FFB5242A651A00829871 /* ShellScript */ = {
			isa = PBXShellScriptBuildPhase;
			buildActionMask = 2147483647;
			files = (
			);
			inputFileListPaths = (
			);
			inputPaths = (
			);
			outputFileListPaths = (
			);
			outputPaths = (
			);
			runOnlyForDeploymentPostprocessing = 0;
			shellPath = /bin/sh;
			shellScript = "cd \"$SRCROOT/..\"\n./gradlew :shared:embedAndSignAppleFrameworkForXcode\n";
		};
/* End PBXShellScriptBuildPhase section */

/* Begin PBXSourcesBuildPhase section */
		7555FF77242A565900829871 /* Sources */ = {
			isa = PBXSourcesBuildPhase;
			buildActionMask = 2147483647;
			files = (
				CE06D7F02BCB7DAB000DA712 /* CocktailsListView.swift in Sources */,
				CE3C1B512BD10E1500807301 /* Colors.swift in Sources */,
				CE06D8332BCEE348000DA712 /* SegmentedControl.swift in Sources */,
				CE06D80D2BCBBC43000DA712 /* StackView.swift in Sources */,
				CE3C1B552BD1104400807301 /* SystemTheme.swift in Sources */,
				CE06D7F52BCB84B1000DA712 /* Typography.swift in Sources */,
				CE06D8162BCC464C000DA712 /* BackButton.swift in Sources */,
				CE3C1B442BD0ED3800807301 /* UINavigationController.swift in Sources */,
				CE981B4D29BB76AB00261645 /* ThemeProvider.swift in Sources */,
				CE981B4329BB752000261645 /* ColorPalette.swift in Sources */,
				CE06D7FE2BCBA2BF000DA712 /* CocktailItemView.swift in Sources */,
				CED55A0E29C4299A00822AE8 /* AppTheme.swift in Sources */,
				CE1D2F2629AC8BD200DC6B90 /* AppDelegate.swift in Sources */,
				CE06D8292BCDAA9B000DA712 /* ErrorView.swift in Sources */,
				CE3C1B412BD05AA800807301 /* PullRefresh.swift in Sources */,
				CE06D8002BCBA492000DA712 /* KingfisherView.swift in Sources */,
				CE06D7F92BCB9B4F000DA712 /* VerticalGrid.swift in Sources */,
				CE06D7F22BCB829E000DA712 /* CocktailDetailsView.swift in Sources */,
				CE06D7F72BCB8865000DA712 /* LoadingView.swift in Sources */,
				CE3C1B2A2BD0025A00807301 /* Placeholder.swift in Sources */,
				CE06D8232BCD1D0D000DA712 /* ChipView.swift in Sources */,
				CE06D80F2BCBE53C000DA712 /* Clip.swift in Sources */,
				CE06D8272BCDA2B8000DA712 /* SafeArea.swift in Sources */,
				CE3C1B4F2BD10CBA00807301 /* UIDevice.swift in Sources */,
				CE06D8352BCEED97000DA712 /* SearchBar.swift in Sources */,
				CE06D8142BCC404F000DA712 /* Keyboard.swift in Sources */,
				CED55A1B29C4654700822AE8 /* TextStyle.swift in Sources */,
				CE06D7EE2BCB785D000DA712 /* ObservableValue.swift in Sources */,
				CE06D8022BCBB16B000DA712 /* DeviceShake.swift in Sources */,
				CE06D7EC2BCB7822000DA712 /* StateValue.swift in Sources */,
				CE06D7E92BCB77CB000DA712 /* CocktailsView.swift in Sources */,
			);
			runOnlyForDeploymentPostprocessing = 0;
		};
/* End PBXSourcesBuildPhase section */

/* Begin XCBuildConfiguration section */
		7555FFA3242A565B00829871 /* Debug */ = {
			isa = XCBuildConfiguration;
			buildSettings = {
				ALWAYS_SEARCH_USER_PATHS = NO;
				CLANG_ANALYZER_NONNULL = YES;
				CLANG_ANALYZER_NUMBER_OBJECT_CONVERSION = YES_AGGRESSIVE;
				CLANG_CXX_LANGUAGE_STANDARD = "gnu++14";
				CLANG_CXX_LIBRARY = "libc++";
				CLANG_ENABLE_MODULES = YES;
				CLANG_ENABLE_OBJC_ARC = YES;
				CLANG_ENABLE_OBJC_WEAK = YES;
				CLANG_WARN_BLOCK_CAPTURE_AUTORELEASING = YES;
				CLANG_WARN_BOOL_CONVERSION = YES;
				CLANG_WARN_COMMA = YES;
				CLANG_WARN_CONSTANT_CONVERSION = YES;
				CLANG_WARN_DEPRECATED_OBJC_IMPLEMENTATIONS = YES;
				CLANG_WARN_DIRECT_OBJC_ISA_USAGE = YES_ERROR;
				CLANG_WARN_DOCUMENTATION_COMMENTS = YES;
				CLANG_WARN_EMPTY_BODY = YES;
				CLANG_WARN_ENUM_CONVERSION = YES;
				CLANG_WARN_INFINITE_RECURSION = YES;
				CLANG_WARN_INT_CONVERSION = YES;
				CLANG_WARN_NON_LITERAL_NULL_CONVERSION = YES;
				CLANG_WARN_OBJC_IMPLICIT_RETAIN_SELF = YES;
				CLANG_WARN_OBJC_LITERAL_CONVERSION = YES;
				CLANG_WARN_OBJC_ROOT_CLASS = YES_ERROR;
				CLANG_WARN_QUOTED_INCLUDE_IN_FRAMEWORK_HEADER = YES;
				CLANG_WARN_RANGE_LOOP_ANALYSIS = YES;
				CLANG_WARN_STRICT_PROTOTYPES = YES;
				CLANG_WARN_SUSPICIOUS_MOVE = YES;
				CLANG_WARN_UNGUARDED_AVAILABILITY = YES_AGGRESSIVE;
				CLANG_WARN_UNREACHABLE_CODE = YES;
				CLANG_WARN__DUPLICATE_METHOD_MATCH = YES;
				COPY_PHASE_STRIP = NO;
				DEBUG_INFORMATION_FORMAT = "dwarf-with-dsym";
				ENABLE_STRICT_OBJC_MSGSEND = YES;
				ENABLE_TESTABILITY = YES;
				GCC_C_LANGUAGE_STANDARD = gnu11;
				GCC_DYNAMIC_NO_PIC = NO;
				GCC_NO_COMMON_BLOCKS = YES;
				GCC_OPTIMIZATION_LEVEL = 0;
				GCC_PREPROCESSOR_DEFINITIONS = (
					"DEBUG=1",
					"$(inherited)",
				);
				GCC_WARN_64_TO_32_BIT_CONVERSION = YES;
				GCC_WARN_ABOUT_RETURN_TYPE = YES_ERROR;
				GCC_WARN_UNDECLARED_SELECTOR = YES;
				GCC_WARN_UNINITIALIZED_AUTOS = YES_AGGRESSIVE;
				GCC_WARN_UNUSED_FUNCTION = YES;
				GCC_WARN_UNUSED_VARIABLE = YES;
				IPHONEOS_DEPLOYMENT_TARGET = 13.0;
				MTL_ENABLE_DEBUG_INFO = INCLUDE_SOURCE;
				MTL_FAST_MATH = YES;
				ONLY_ACTIVE_ARCH = YES;
				SDKROOT = iphoneos;
				SWIFT_ACTIVE_COMPILATION_CONDITIONS = DEBUG;
				SWIFT_OPTIMIZATION_LEVEL = "-Onone";
			};
			name = Debug;
		};
		7555FFA4242A565B00829871 /* Release */ = {
			isa = XCBuildConfiguration;
			buildSettings = {
				ALWAYS_SEARCH_USER_PATHS = NO;
				CLANG_ANALYZER_NONNULL = YES;
				CLANG_ANALYZER_NUMBER_OBJECT_CONVERSION = YES_AGGRESSIVE;
				CLANG_CXX_LANGUAGE_STANDARD = "gnu++14";
				CLANG_CXX_LIBRARY = "libc++";
				CLANG_ENABLE_MODULES = YES;
				CLANG_ENABLE_OBJC_ARC = YES;
				CLANG_ENABLE_OBJC_WEAK = YES;
				CLANG_WARN_BLOCK_CAPTURE_AUTORELEASING = YES;
				CLANG_WARN_BOOL_CONVERSION = YES;
				CLANG_WARN_COMMA = YES;
				CLANG_WARN_CONSTANT_CONVERSION = YES;
				CLANG_WARN_DEPRECATED_OBJC_IMPLEMENTATIONS = YES;
				CLANG_WARN_DIRECT_OBJC_ISA_USAGE = YES_ERROR;
				CLANG_WARN_DOCUMENTATION_COMMENTS = YES;
				CLANG_WARN_EMPTY_BODY = YES;
				CLANG_WARN_ENUM_CONVERSION = YES;
				CLANG_WARN_INFINITE_RECURSION = YES;
				CLANG_WARN_INT_CONVERSION = YES;
				CLANG_WARN_NON_LITERAL_NULL_CONVERSION = YES;
				CLANG_WARN_OBJC_IMPLICIT_RETAIN_SELF = YES;
				CLANG_WARN_OBJC_LITERAL_CONVERSION = YES;
				CLANG_WARN_OBJC_ROOT_CLASS = YES_ERROR;
				CLANG_WARN_QUOTED_INCLUDE_IN_FRAMEWORK_HEADER = YES;
				CLANG_WARN_RANGE_LOOP_ANALYSIS = YES;
				CLANG_WARN_STRICT_PROTOTYPES = YES;
				CLANG_WARN_SUSPICIOUS_MOVE = YES;
				CLANG_WARN_UNGUARDED_AVAILABILITY = YES_AGGRESSIVE;
				CLANG_WARN_UNREACHABLE_CODE = YES;
				CLANG_WARN__DUPLICATE_METHOD_MATCH = YES;
				COPY_PHASE_STRIP = NO;
				DEBUG_INFORMATION_FORMAT = "dwarf-with-dsym";
				ENABLE_NS_ASSERTIONS = NO;
				ENABLE_STRICT_OBJC_MSGSEND = YES;
				GCC_C_LANGUAGE_STANDARD = gnu11;
				GCC_NO_COMMON_BLOCKS = YES;
				GCC_WARN_64_TO_32_BIT_CONVERSION = YES;
				GCC_WARN_ABOUT_RETURN_TYPE = YES_ERROR;
				GCC_WARN_UNDECLARED_SELECTOR = YES;
				GCC_WARN_UNINITIALIZED_AUTOS = YES_AGGRESSIVE;
				GCC_WARN_UNUSED_FUNCTION = YES;
				GCC_WARN_UNUSED_VARIABLE = YES;
				IPHONEOS_DEPLOYMENT_TARGET = 13.0;
				MTL_ENABLE_DEBUG_INFO = NO;
				MTL_FAST_MATH = YES;
				SDKROOT = iphoneos;
				SWIFT_COMPILATION_MODE = wholemodule;
				SWIFT_OPTIMIZATION_LEVEL = "-O";
				VALIDATE_PRODUCT = YES;
			};
			name = Release;
		};
		7555FFA6242A565B00829871 /* Debug */ = {
			isa = XCBuildConfiguration;
			buildSettings = {
				ASSETCATALOG_COMPILER_APPICON_NAME = AppIcon;
				CLANG_ENABLE_MODULES = YES;
				CODE_SIGN_STYLE = Automatic;
				CURRENT_PROJECT_VERSION = 1;
				DEVELOPMENT_ASSET_PATHS = "";
				DEVELOPMENT_TEAM = MT5WZ5T6NY;
				ENABLE_PREVIEWS = YES;
				FRAMEWORK_SEARCH_PATHS = (
					"$(inherited)",
					"$(SRCROOT)/../shared/build/xcode-frameworks/$(CONFIGURATION)/$(SDK_NAME)",
				);
				INFOPLIST_FILE = app_ios/Info.plist;
				INFOPLIST_KEY_CFBundleDisplayName = "Vlife Task";
				INFOPLIST_KEY_LSApplicationCategoryType = "public.app-category.food-and-drink";
				IPHONEOS_DEPLOYMENT_TARGET = 13.0;
				LD_RUNPATH_SEARCH_PATHS = (
					"$(inherited)",
					"@executable_path/Frameworks",
				);
				MARKETING_VERSION = 1.0;
				OTHER_LDFLAGS = (
					"$(inherited)",
					"-framework",
					shared,
				);
				PRODUCT_BUNDLE_IDENTIFIER = kz.grandera.vlifetesttaskapp.ios;
				PRODUCT_NAME = "$(TARGET_NAME)";
				SUPPORTED_PLATFORMS = "iphoneos iphonesimulator";
				SUPPORTS_MACCATALYST = NO;
				SUPPORTS_MAC_DESIGNED_FOR_IPHONE_IPAD = YES;
				SWIFT_OPTIMIZATION_LEVEL = "-Onone";
				SWIFT_VERSION = 5.0;
				TARGETED_DEVICE_FAMILY = 1;
			};
			name = Debug;
		};
		7555FFA7242A565B00829871 /* Release */ = {
			isa = XCBuildConfiguration;
			buildSettings = {
				ASSETCATALOG_COMPILER_APPICON_NAME = AppIcon;
				CLANG_ENABLE_MODULES = YES;
				CODE_SIGN_STYLE = Automatic;
				CURRENT_PROJECT_VERSION = 1;
				DEVELOPMENT_ASSET_PATHS = "";
				DEVELOPMENT_TEAM = MT5WZ5T6NY;
				ENABLE_PREVIEWS = YES;
				FRAMEWORK_SEARCH_PATHS = (
					"$(inherited)",
					"$(SRCROOT)/../shared/build/xcode-frameworks/$(CONFIGURATION)/$(SDK_NAME)",
				);
				INFOPLIST_FILE = app_ios/Info.plist;
				INFOPLIST_KEY_CFBundleDisplayName = "Vlife Task";
				INFOPLIST_KEY_LSApplicationCategoryType = "public.app-category.food-and-drink";
				IPHONEOS_DEPLOYMENT_TARGET = 13.0;
				LD_RUNPATH_SEARCH_PATHS = (
					"$(inherited)",
					"@executable_path/Frameworks",
				);
				MARKETING_VERSION = 1.0;
				OTHER_LDFLAGS = (
					"$(inherited)",
					"-framework",
					shared,
				);
				PRODUCT_BUNDLE_IDENTIFIER = kz.grandera.vlifetesttaskapp.ios;
				PRODUCT_NAME = "$(TARGET_NAME)";
				SUPPORTED_PLATFORMS = "iphoneos iphonesimulator";
				SUPPORTS_MACCATALYST = NO;
				SUPPORTS_MAC_DESIGNED_FOR_IPHONE_IPAD = YES;
				SWIFT_VERSION = 5.0;
				TARGETED_DEVICE_FAMILY = 1;
			};
			name = Release;
		};
/* End XCBuildConfiguration section */

/* Begin XCConfigurationList section */
		7555FF76242A565900829871 /* Build configuration list for PBXProject "app_ios" */ = {
			isa = XCConfigurationList;
			buildConfigurations = (
				7555FFA3242A565B00829871 /* Debug */,
				7555FFA4242A565B00829871 /* Release */,
			);
			defaultConfigurationIsVisible = 0;
			defaultConfigurationName = Release;
		};
		7555FFA5242A565B00829871 /* Build configuration list for PBXNativeTarget "Vlife Task" */ = {
			isa = XCConfigurationList;
			buildConfigurations = (
				7555FFA6242A565B00829871 /* Debug */,
				7555FFA7242A565B00829871 /* Release */,
			);
			defaultConfigurationIsVisible = 0;
			defaultConfigurationName = Release;
		};
/* End XCConfigurationList section */

/* Begin XCRemoteSwiftPackageReference section */
		CE2CB75F29C176A700592488 /* XCRemoteSwiftPackageReference "lottie-spm" */ = {
			isa = XCRemoteSwiftPackageReference;
			repositoryURL = "https://github.com/airbnb/lottie-spm.git";
			requirement = {
				kind = upToNextMajorVersion;
				minimumVersion = 4.0.0;
			};
		};
		CE981B5529BB7CC300261645 /* XCRemoteSwiftPackageReference "Kingfisher" */ = {
			isa = XCRemoteSwiftPackageReference;
			repositoryURL = "https://github.com/onevcat/Kingfisher.git";
			requirement = {
				kind = upToNextMajorVersion;
				minimumVersion = 7.0.0;
			};
		};
/* End XCRemoteSwiftPackageReference section */

/* Begin XCSwiftPackageProductDependency section */
		CE2CB76029C176A700592488 /* Lottie */ = {
			isa = XCSwiftPackageProductDependency;
			package = CE2CB75F29C176A700592488 /* XCRemoteSwiftPackageReference "lottie-spm" */;
			productName = Lottie;
		};
		CE981B5629BB7CC300261645 /* Kingfisher */ = {
			isa = XCSwiftPackageProductDependency;
			package = CE981B5529BB7CC300261645 /* XCRemoteSwiftPackageReference "Kingfisher" */;
			productName = Kingfisher;
		};
/* End XCSwiftPackageProductDependency section */
	};
	rootObject = 7555FF73242A565900829871 /* Project object */;
}
